
Microsoft Visual Studio Solution File, Format Version 11.00
# Visual Studio 2010
Project("{FAE04EC0-301F-11D3-BF4B-00C04F79EFBC}") = "GameOriginalScheme", "Assembly-CSharp.csproj", "{D59CCD03-8ABF-63F8-31EE-A373CAF7D0A8}"
EndProject
Project("{FAE04EC0-301F-11D3-BF4B-00C04F79EFBC}") = "GameOriginalScheme", "AstarPathfindingProject.csproj", "{77B9D423-AA41-AABA-56FC-AD5216B2D07B}"
EndProject
Project("{FAE04EC0-301F-11D3-BF4B-00C04F79EFBC}") = "GameOriginalScheme", "Assembly-CSharp-Editor.csproj", "{FFDF761C-23D8-000A-5750-069C08A70447}"
EndProject
Project("{FAE04EC0-301F-11D3-BF4B-00C04F79EFBC}") = "GameOriginalScheme", "AstarPathfindingProjectEditor.csproj", "{BBF0A2A0-1D9C-6069-80AC-05C423E649AF}"
EndProject
Project("{FAE04EC0-301F-11D3-BF4B-00C04F79EFBC}") = "GameOriginalScheme", "PackageToolsEditor.csproj", "{EAA3E25A-04BB-34E8-FDEA-988CD7A7908D}"
EndProject
Project("{FAE04EC0-301F-11D3-BF4B-00C04F79EFBC}") = "GameOriginalScheme", "PackageManagerAssembly.csproj", "{A271D400-1247-027D-B2FE-6E96EB3DA6AE}"
EndProject
Project("{FAE04EC0-301F-11D3-BF4B-00C04F79EFBC}") = "GameOriginalScheme", "Assembly-CSharp-Editor-firstpass.csproj", "{136462C6-55AE-9A84-68F8-4BBCA0A026A5}"
EndProject
Global
	GlobalSection(SolutionConfigurationPlatforms) = preSolution
		Debug|Any CPU = Debug|Any CPU
		Release|Any CPU = Release|Any CPU
	EndGlobalSection
	GlobalSection(ProjectConfigurationPlatforms) = postSolution
		{D59CCD03-8ABF-63F8-31EE-A373CAF7D0A8}.Debug|Any CPU.ActiveCfg = Debug|Any CPU
		{D59CCD03-8ABF-63F8-31EE-A373CAF7D0A8}.Debug|Any CPU.Build.0 = Debug|Any CPU
		{D59CCD03-8ABF-63F8-31EE-A373CAF7D0A8}.Release|Any CPU.ActiveCfg = Release|Any CPU
		{D59CCD03-8ABF-63F8-31EE-A373CAF7D0A8}.Release|Any CPU.Build.0 = Release|Any CPU
		{77B9D423-AA41-AABA-56FC-AD5216B2D07B}.Debug|Any CPU.ActiveCfg = Debug|Any CPU
		{77B9D423-AA41-AABA-56FC-AD5216B2D07B}.Debug|Any CPU.Build.0 = Debug|Any CPU
		{77B9D423-AA41-AABA-56FC-AD5216B2D07B}.Release|Any CPU.ActiveCfg = Release|Any CPU
		{77B9D423-AA41-AABA-56FC-AD5216B2D07B}.Release|Any CPU.Build.0 = Release|Any CPU
		{FFDF761C-23D8-000A-5750-069C08A70447}.Debug|Any CPU.ActiveCfg = Debug|Any CPU
		{FFDF761C-23D8-000A-5750-069C08A70447}.Debug|Any CPU.Build.0 = Debug|Any CPU
		{FFDF761C-23D8-000A-5750-069C08A70447}.Release|Any CPU.ActiveCfg = Release|Any CPU
		{FFDF761C-23D8-000A-5750-069C08A70447}.Release|Any CPU.Build.0 = Release|Any CPU
		{BBF0A2A0-1D9C-6069-80AC-05C423E649AF}.Debug|Any CPU.ActiveCfg = Debug|Any CPU
		{BBF0A2A0-1D9C-6069-80AC-05C423E649AF}.Debug|Any CPU.Build.0 = Debug|Any CPU
		{BBF0A2A0-1D9C-6069-80AC-05C423E649AF}.Release|Any CPU.ActiveCfg = Release|Any CPU
		{BBF0A2A0-1D9C-6069-80AC-05C423E649AF}.Release|Any CPU.Build.0 = Release|Any CPU
		{EAA3E25A-04BB-34E8-FDEA-988CD7A7908D}.Debug|Any CPU.ActiveCfg = Debug|Any CPU
		{EAA3E25A-04BB-34E8-FDEA-988CD7A7908D}.Debug|Any CPU.Build.0 = Debug|Any CPU
		{EAA3E25A-04BB-34E8-FDEA-988CD7A7908D}.Release|Any CPU.ActiveCfg = Release|Any CPU
		{EAA3E25A-04BB-34E8-FDEA-988CD7A7908D}.Release|Any CPU.Build.0 = Release|Any CPU
		{A271D400-1247-027D-B2FE-6E96EB3DA6AE}.Debug|Any CPU.ActiveCfg = Debug|Any CPU
		{A271D400-1247-027D-B2FE-6E96EB3DA6AE}.Debug|Any CPU.Build.0 = Debug|Any CPU
		{A271D400-1247-027D-B2FE-6E96EB3DA6AE}.Release|Any CPU.ActiveCfg = Release|Any CPU
		{A271D400-1247-027D-B2FE-6E96EB3DA6AE}.Release|Any CPU.Build.0 = Release|Any CPU
		{136462C6-55AE-9A84-68F8-4BBCA0A026A5}.Debug|Any CPU.ActiveCfg = Debug|Any CPU
		{136462C6-55AE-9A84-68F8-4BBCA0A026A5}.Debug|Any CPU.Build.0 = Debug|Any CPU
		{136462C6-55AE-9A84-68F8-4BBCA0A026A5}.Release|Any CPU.ActiveCfg = Release|Any CPU
		{136462C6-55AE-9A84-68F8-4BBCA0A026A5}.Release|Any CPU.Build.0 = Release|Any CPU
	EndGlobalSection
	GlobalSection(SolutionProperties) = preSolution
		HideSolutionNode = FALSE
	EndGlobalSection
	GlobalSection(MonoDevelopProperties) = preSolution
		StartupItem = Assembly-CSharp.csproj
	EndGlobalSection
EndGlobal
